// !$*UTF8*$!
{
	archiveVersion = 1;
	classes = {
	};
	objectVersion = 56;
	objects = {

/* Begin PBXBuildFile section */
		B820F7282C0A0C5300125A73 /* AppDelegate.swift in Sources */ = {isa = PBXBuildFile; fileRef = B820F7272C0A0C5300125A73 /* AppDelegate.swift */; };
		B820F72A2C0A0C5300125A73 /* SceneDelegate.swift in Sources */ = {isa = PBXBuildFile; fileRef = B820F7292C0A0C5300125A73 /* SceneDelegate.swift */; };
		B820F72C2C0A0C5300125A73 /* ViewController.swift in Sources */ = {isa = PBXBuildFile; fileRef = B820F72B2C0A0C5300125A73 /* ViewController.swift */; };
		B820F72F2C0A0C5300125A73 /* Base in Resources */ = {isa = PBXBuildFile; fileRef = B820F72E2C0A0C5300125A73 /* Base */; };
		B820F7312C0A0C5600125A73 /* Assets.xcassets in Resources */ = {isa = PBXBuildFile; fileRef = B820F7302C0A0C5600125A73 /* Assets.xcassets */; };
		B820F7342C0A0C5600125A73 /* Base in Resources */ = {isa = PBXBuildFile; fileRef = B820F7332C0A0C5600125A73 /* Base */; };
		B820F73F2C0A0C5700125A73 /* ios_connection_testTests.swift in Sources */ = {isa = PBXBuildFile; fileRef = B820F73E2C0A0C5700125A73 /* ios_connection_testTests.swift */; };
		B820F7492C0A0C5700125A73 /* ios_connection_testUITests.swift in Sources */ = {isa = PBXBuildFile; fileRef = B820F7482C0A0C5700125A73 /* ios_connection_testUITests.swift */; };
		B820F74B2C0A0C5700125A73 /* ios_connection_testUITestsLaunchTests.swift in Sources */ = {isa = PBXBuildFile; fileRef = B820F74A2C0A0C5700125A73 /* ios_connection_testUITestsLaunchTests.swift */; };
/* End PBXBuildFile section */

/* Begin PBXContainerItemProxy section */
		B820F73B2C0A0C5700125A73 /* PBXContainerItemProxy */ = {
			isa = PBXContainerItemProxy;
			containerPortal = B820F71C2C0A0C5300125A73 /* Project object */;
			proxyType = 1;
			remoteGlobalIDString = B820F7232C0A0C5300125A73;
			remoteInfo = "ios-connection-test";
		};
		B820F7452C0A0C5700125A73 /* PBXContainerItemProxy */ = {
			isa = PBXContainerItemProxy;
			containerPortal = B820F71C2C0A0C5300125A73 /* Project object */;
			proxyType = 1;
			remoteGlobalIDString = B820F7232C0A0C5300125A73;
			remoteInfo = "ios-connection-test";
		};
/* End PBXContainerItemProxy section */

/* Begin PBXFileReference section */
		B820F7242C0A0C5300125A73 /* ios-connection-test.app */ = {isa = PBXFileReference; explicitFileType = wrapper.application; includeInIndex = 0; path = "ios-connection-test.app"; sourceTree = BUILT_PRODUCTS_DIR; };
		B820F7272C0A0C5300125A73 /* AppDelegate.swift */ = {isa = PBXFileReference; lastKnownFileType = sourcecode.swift; path = AppDelegate.swift; sourceTree = "<group>"; };
		B820F7292C0A0C5300125A73 /* SceneDelegate.swift */ = {isa = PBXFileReference; lastKnownFileType = sourcecode.swift; path = SceneDelegate.swift; sourceTree = "<group>"; };
		B820F72B2C0A0C5300125A73 /* ViewController.swift */ = {isa = PBXFileReference; lastKnownFileType = sourcecode.swift; path = ViewController.swift; sourceTree = "<group>"; };
		B820F72E2C0A0C5300125A73 /* Base */ = {isa = PBXFileReference; lastKnownFileType = file.storyboard; name = Base; path = Base.lproj/Main.storyboard; sourceTree = "<group>"; };
		B820F7302C0A0C5600125A73 /* Assets.xcassets */ = {isa = PBXFileReference; lastKnownFileType = folder.assetcatalog; path = Assets.xcassets; sourceTree = "<group>"; };
		B820F7332C0A0C5600125A73 /* Base */ = {isa = PBXFileReference; lastKnownFileType = file.storyboard; name = Base; path = Base.lproj/LaunchScreen.storyboard; sourceTree = "<group>"; };
		B820F7352C0A0C5600125A73 /* Info.plist */ = {isa = PBXFileReference; lastKnownFileType = text.plist.xml; path = Info.plist; sourceTree = "<group>"; };
		B820F73A2C0A0C5700125A73 /* ios-connection-testTests.xctest */ = {isa = PBXFileReference; explicitFileType = wrapper.cfbundle; includeInIndex = 0; path = "ios-connection-testTests.xctest"; sourceTree = BUILT_PRODUCTS_DIR; };
		B820F73E2C0A0C5700125A73 /* ios_connection_testTests.swift */ = {isa = PBXFileReference; lastKnownFileType = sourcecode.swift; path = ios_connection_testTests.swift; sourceTree = "<group>"; };
		B820F7442C0A0C5700125A73 /* ios-connection-testUITests.xctest */ = {isa = PBXFileReference; explicitFileType = wrapper.cfbundle; includeInIndex = 0; path = "ios-connection-testUITests.xctest"; sourceTree = BUILT_PRODUCTS_DIR; };
		B820F7482C0A0C5700125A73 /* ios_connection_testUITests.swift */ = {isa = PBXFileReference; lastKnownFileType = sourcecode.swift; path = ios_connection_testUITests.swift; sourceTree = "<group>"; };
		B820F74A2C0A0C5700125A73 /* ios_connection_testUITestsLaunchTests.swift */ = {isa = PBXFileReference; lastKnownFileType = sourcecode.swift; path = ios_connection_testUITestsLaunchTests.swift; sourceTree = "<group>"; };
/* End PBXFileReference section */

/* Begin PBXFrameworksBuildPhase section */
		B820F7212C0A0C5300125A73 /* Frameworks */ = {
			isa = PBXFrameworksBuildPhase;
			buildActionMask = 2147483647;
			files = (
			);
			runOnlyForDeploymentPostprocessing = 0;
		};
		B820F7372C0A0C5600125A73 /* Frameworks */ = {
			isa = PBXFrameworksBuildPhase;
			buildActionMask = 2147483647;
			files = (
			);
			runOnlyForDeploymentPostprocessing = 0;
		};
		B820F7412C0A0C5700125A73 /* Frameworks */ = {
			isa = PBXFrameworksBuildPhase;
			buildActionMask = 2147483647;
			files = (
			);
			runOnlyForDeploymentPostprocessing = 0;
		};
/* End PBXFrameworksBuildPhase section */

/* Begin PBXGroup section */
		B820F71B2C0A0C5300125A73 = {
			isa = PBXGroup;
			children = (
				B820F7262C0A0C5300125A73 /* ios-connection-test */,
				B820F73D2C0A0C5700125A73 /* ios-connection-testTests */,
				B820F7472C0A0C5700125A73 /* ios-connection-testUITests */,
				B820F7252C0A0C5300125A73 /* Products */,
			);
			sourceTree = "<group>";
		};
		B820F7252C0A0C5300125A73 /* Products */ = {
			isa = PBXGroup;
			children = (
				B820F7242C0A0C5300125A73 /* ios-connection-test.app */,
				B820F73A2C0A0C5700125A73 /* ios-connection-testTests.xctest */,
				B820F7442C0A0C5700125A73 /* ios-connection-testUITests.xctest */,
			);
			name = Products;
			sourceTree = "<group>";
		};
		B820F7262C0A0C5300125A73 /* ios-connection-test */ = {
			isa = PBXGroup;
			children = (
				B820F7272C0A0C5300125A73 /* AppDelegate.swift */,
				B820F7292C0A0C5300125A73 /* SceneDelegate.swift */,
				B820F72B2C0A0C5300125A73 /* ViewController.swift */,
				B820F72D2C0A0C5300125A73 /* Main.storyboard */,
				B820F7302C0A0C5600125A73 /* Assets.xcassets */,
				B820F7322C0A0C5600125A73 /* LaunchScreen.storyboard */,
				B820F7352C0A0C5600125A73 /* Info.plist */,
			);
			path = "ios-connection-test";
			sourceTree = "<group>";
		};
		B820F73D2C0A0C5700125A73 /* ios-connection-testTests */ = {
			isa = PBXGroup;
			children = (
				B820F73E2C0A0C5700125A73 /* ios_connection_testTests.swift */,
			);
			path = "ios-connection-testTests";
			sourceTree = "<group>";
		};
		B820F7472C0A0C5700125A73 /* ios-connection-testUITests */ = {
			isa = PBXGroup;
			children = (
				B820F7482C0A0C5700125A73 /* ios_connection_testUITests.swift */,
				B820F74A2C0A0C5700125A73 /* ios_connection_testUITestsLaunchTests.swift */,
			);
			path = "ios-connection-testUITests";
			sourceTree = "<group>";
		};
/* End PBXGroup section */

/* Begin PBXNativeTarget section */
		B820F7232C0A0C5300125A73 /* ios-connection-test */ = {
			isa = PBXNativeTarget;
			buildConfigurationList = B820F74E2C0A0C5700125A73 /* Build configuration list for PBXNativeTarget "ios-connection-test" */;
			buildPhases = (
				B820F7202C0A0C5300125A73 /* Sources */,
				B820F7212C0A0C5300125A73 /* Frameworks */,
				B820F7222C0A0C5300125A73 /* Resources */,
			);
			buildRules = (
			);
			dependencies = (
			);
			name = "ios-connection-test";
			productName = "ios-connection-test";
			productReference = B820F7242C0A0C5300125A73 /* ios-connection-test.app */;
			productType = "com.apple.product-type.application";
		};
		B820F7392C0A0C5600125A73 /* ios-connection-testTests */ = {
			isa = PBXNativeTarget;
			buildConfigurationList = B820F7512C0A0C5700125A73 /* Build configuration list for PBXNativeTarget "ios-connection-testTests" */;
			buildPhases = (
				B820F7362C0A0C5600125A73 /* Sources */,
				B820F7372C0A0C5600125A73 /* Frameworks */,
				B820F7382C0A0C5600125A73 /* Resources */,
			);
			buildRules = (
			);
			dependencies = (
				B820F73C2C0A0C5700125A73 /* PBXTargetDependency */,
			);
			name = "ios-connection-testTests";
			productName = "ios-connection-testTests";
			productReference = B820F73A2C0A0C5700125A73 /* ios-connection-testTests.xctest */;
			productType = "com.apple.product-type.bundle.unit-test";
		};
		B820F7432C0A0C5700125A73 /* ios-connection-testUITests */ = {
			isa = PBXNativeTarget;
			buildConfigurationList = B820F7542C0A0C5700125A73 /* Build configuration list for PBXNativeTarget "ios-connection-testUITests" */;
			buildPhases = (
				B820F7402C0A0C5700125A73 /* Sources */,
				B820F7412C0A0C5700125A73 /* Frameworks */,
				B820F7422C0A0C5700125A73 /* Resources */,
			);
			buildRules = (
			);
			dependencies = (
				B820F7462C0A0C5700125A73 /* PBXTargetDependency */,
			);
			name = "ios-connection-testUITests";
			productName = "ios-connection-testUITests";
			productReference = B820F7442C0A0C5700125A73 /* ios-connection-testUITests.xctest */;
			productType = "com.apple.product-type.bundle.ui-testing";
		};
/* End PBXNativeTarget section */

/* Begin PBXProject section */
		B820F71C2C0A0C5300125A73 /* Project object */ = {
			isa = PBXProject;
			attributes = {
				BuildIndependentTargetsInParallel = 1;
				LastSwiftUpdateCheck = 1540;
				LastUpgradeCheck = 1540;
				TargetAttributes = {
					B820F7232C0A0C5300125A73 = {
						CreatedOnToolsVersion = 15.4;
					};
					B820F7392C0A0C5600125A73 = {
						CreatedOnToolsVersion = 15.4;
						TestTargetID = B820F7232C0A0C5300125A73;
					};
					B820F7432C0A0C5700125A73 = {
						CreatedOnToolsVersion = 15.4;
						TestTargetID = B820F7232C0A0C5300125A73;
					};
				};
			};
			buildConfigurationList = B820F71F2C0A0C5300125A73 /* Build configuration list for PBXProject "ios-connection-test" */;
			compatibilityVersion = "Xcode 14.0";
			developmentRegion = en;
			hasScannedForEncodings = 0;
			knownRegions = (
				en,
				Base,
			);
			mainGroup = B820F71B2C0A0C5300125A73;
			productRefGroup = B820F7252C0A0C5300125A73 /* Products */;
			projectDirPath = "";
			projectRoot = "";
			targets = (
				B820F7232C0A0C5300125A73 /* ios-connection-test */,
				B820F7392C0A0C5600125A73 /* ios-connection-testTests */,
				B820F7432C0A0C5700125A73 /* ios-connection-testUITests */,
			);
		};
/* End PBXProject section */

/* Begin PBXResourcesBuildPhase section */
		B820F7222C0A0C5300125A73 /* Resources */ = {
			isa = PBXResourcesBuildPhase;
			buildActionMask = 2147483647;
			files = (
				B820F7312C0A0C5600125A73 /* Assets.xcassets in Resources */,
				B820F7342C0A0C5600125A73 /* Base in Resources */,
				B820F72F2C0A0C5300125A73 /* Base in Resources */,
			);
			runOnlyForDeploymentPostprocessing = 0;
		};
		B820F7382C0A0C5600125A73 /* Resources */ = {
			isa = PBXResourcesBuildPhase;
			buildActionMask = 2147483647;
			files = (
			);
			runOnlyForDeploymentPostprocessing = 0;
		};
		B820F7422C0A0C5700125A73 /* Resources */ = {
			isa = PBXResourcesBuildPhase;
			buildActionMask = 2147483647;
			files = (
			);
			runOnlyForDeploymentPostprocessing = 0;
		};
/* End PBXResourcesBuildPhase section */

/* Begin PBXSourcesBuildPhase section */
		B820F7202C0A0C5300125A73 /* Sources */ = {
			isa = PBXSourcesBuildPhase;
			buildActionMask = 2147483647;
			files = (
				B820F72C2C0A0C5300125A73 /* ViewController.swift in Sources */,
				B820F7282C0A0C5300125A73 /* AppDelegate.swift in Sources */,
				B820F72A2C0A0C5300125A73 /* SceneDelegate.swift in Sources */,
			);
			runOnlyForDeploymentPostprocessing = 0;
		};
		B820F7362C0A0C5600125A73 /* Sources */ = {
			isa = PBXSourcesBuildPhase;
			buildActionMask = 2147483647;
			files = (
				B820F73F2C0A0C5700125A73 /* ios_connection_testTests.swift in Sources */,
			);
			runOnlyForDeploymentPostprocessing = 0;
		};
		B820F7402C0A0C5700125A73 /* Sources */ = {
			isa = PBXSourcesBuildPhase;
			buildActionMask = 2147483647;
			files = (
				B820F74B2C0A0C5700125A73 /* ios_connection_testUITestsLaunchTests.swift in Sources */,
				B820F7492C0A0C5700125A73 /* ios_connection_testUITests.swift in Sources */,
			);
			runOnlyForDeploymentPostprocessing = 0;
		};
/* End PBXSourcesBuildPhase section */

/* Begin PBXTargetDependency section */
		B820F73C2C0A0C5700125A73 /* PBXTargetDependency */ = {
			isa = PBXTargetDependency;
			target = B820F7232C0A0C5300125A73 /* ios-connection-test */;
			targetProxy = B820F73B2C0A0C5700125A73 /* PBXContainerItemProxy */;
		};
		B820F7462C0A0C5700125A73 /* PBXTargetDependency */ = {
			isa = PBXTargetDependency;
			target = B820F7232C0A0C5300125A73 /* ios-connection-test */;
			targetProxy = B820F7452C0A0C5700125A73 /* PBXContainerItemProxy */;
		};
/* End PBXTargetDependency section */

/* Begin PBXVariantGroup section */
		B820F72D2C0A0C5300125A73 /* Main.storyboard */ = {
			isa = PBXVariantGroup;
			children = (
				B820F72E2C0A0C5300125A73 /* Base */,
			);
			name = Main.storyboard;
			sourceTree = "<group>";
		};
		B820F7322C0A0C5600125A73 /* LaunchScreen.storyboard */ = {
			isa = PBXVariantGroup;
			children = (
				B820F7332C0A0C5600125A73 /* Base */,
			);
			name = LaunchScreen.storyboard;
			sourceTree = "<group>";
		};
/* End PBXVariantGroup section */

/* Begin XCBuildConfiguration section */
		B820F74C2C0A0C5700125A73 /* Debug */ = {
			isa = XCBuildConfiguration;
			buildSettings = {
				ALWAYS_SEARCH_USER_PATHS = NO;
				ASSETCATALOG_COMPILER_GENERATE_SWIFT_ASSET_SYMBOL_EXTENSIONS = YES;
				CLANG_ANALYZER_NONNULL = YES;
				CLANG_ANALYZER_NUMBER_OBJECT_CONVERSION = YES_AGGRESSIVE;
				CLANG_CXX_LANGUAGE_STANDARD = "gnu++20";
				CLANG_ENABLE_MODULES = YES;
				CLANG_ENABLE_OBJC_ARC = YES;
				CLANG_ENABLE_OBJC_WEAK = YES;
				CLANG_WARN_BLOCK_CAPTURE_AUTORELEASING = YES;
				CLANG_WARN_BOOL_CONVERSION = YES;
				CLANG_WARN_COMMA = YES;
				CLANG_WARN_CONSTANT_CONVERSION = YES;
				CLANG_WARN_DEPRECATED_OBJC_IMPLEMENTATIONS = YES;
				CLANG_WARN_DIRECT_OBJC_ISA_USAGE = YES_ERROR;
				CLANG_WARN_DOCUMENTATION_COMMENTS = YES;
				CLANG_WARN_EMPTY_BODY = YES;
				CLANG_WARN_ENUM_CONVERSION = YES;
				CLANG_WARN_INFINITE_RECURSION = YES;
				CLANG_WARN_INT_CONVERSION = YES;
				CLANG_WARN_NON_LITERAL_NULL_CONVERSION = YES;
				CLANG_WARN_OBJC_IMPLICIT_RETAIN_SELF = YES;
				CLANG_WARN_OBJC_LITERAL_CONVERSION = YES;
				CLANG_WARN_OBJC_ROOT_CLASS = YES_ERROR;
				CLANG_WARN_QUOTED_INCLUDE_IN_FRAMEWORK_HEADER = YES;
				CLANG_WARN_RANGE_LOOP_ANALYSIS = YES;
				CLANG_WARN_STRICT_PROTOTYPES = YES;
				CLANG_WARN_SUSPICIOUS_MOVE = YES;
				CLANG_WARN_UNGUARDED_AVAILABILITY = YES_AGGRESSIVE;
				CLANG_WARN_UNREACHABLE_CODE = YES;
				CLANG_WARN__DUPLICATE_METHOD_MATCH = YES;
				COPY_PHASE_STRIP = NO;
				DEBUG_INFORMATION_FORMAT = dwarf;
				ENABLE_STRICT_OBJC_MSGSEND = YES;
				ENABLE_TESTABILITY = YES;
				ENABLE_USER_SCRIPT_SANDBOXING = YES;
				GCC_C_LANGUAGE_STANDARD = gnu17;
				GCC_DYNAMIC_NO_PIC = NO;
				GCC_NO_COMMON_BLOCKS = YES;
				GCC_OPTIMIZATION_LEVEL = 0;
				GCC_PREPROCESSOR_DEFINITIONS = (
					"DEBUG=1",
					"$(inherited)",
				);
				GCC_WARN_64_TO_32_BIT_CONVERSION = YES;
				GCC_WARN_ABOUT_RETURN_TYPE = YES_ERROR;
				GCC_WARN_UNDECLARED_SELECTOR = YES;
				GCC_WARN_UNINITIALIZED_AUTOS = YES_AGGRESSIVE;
				GCC_WARN_UNUSED_FUNCTION = YES;
				GCC_WARN_UNUSED_VARIABLE = YES;
				IPHONEOS_DEPLOYMENT_TARGET = 17.5;
				LOCALIZATION_PREFERS_STRING_CATALOGS = YES;
				MTL_ENABLE_DEBUG_INFO = INCLUDE_SOURCE;
				MTL_FAST_MATH = YES;
				ONLY_ACTIVE_ARCH = YES;
				SDKROOT = iphoneos;
				SWIFT_ACTIVE_COMPILATION_CONDITIONS = "DEBUG $(inherited)";
				SWIFT_OPTIMIZATION_LEVEL = "-Onone";
			};
			name = Debug;
		};
		B820F74D2C0A0C5700125A73 /* Release */ = {
			isa = XCBuildConfiguration;
			buildSettings = {
				ALWAYS_SEARCH_USER_PATHS = NO;
				ASSETCATALOG_COMPILER_GENERATE_SWIFT_ASSET_SYMBOL_EXTENSIONS = YES;
				CLANG_ANALYZER_NONNULL = YES;
				CLANG_ANALYZER_NUMBER_OBJECT_CONVERSION = YES_AGGRESSIVE;
				CLANG_CXX_LANGUAGE_STANDARD = "gnu++20";
				CLANG_ENABLE_MODULES = YES;
				CLANG_ENABLE_OBJC_ARC = YES;
				CLANG_ENABLE_OBJC_WEAK = YES;
				CLANG_WARN_BLOCK_CAPTURE_AUTORELEASING = YES;
				CLANG_WARN_BOOL_CONVERSION = YES;
				CLANG_WARN_COMMA = YES;
				CLANG_WARN_CONSTANT_CONVERSION = YES;
				CLANG_WARN_DEPRECATED_OBJC_IMPLEMENTATIONS = YES;
				CLANG_WARN_DIRECT_OBJC_ISA_USAGE = YES_ERROR;
				CLANG_WARN_DOCUMENTATION_COMMENTS = YES;
				CLANG_WARN_EMPTY_BODY = YES;
				CLANG_WARN_ENUM_CONVERSION = YES;
				CLANG_WARN_INFINITE_RECURSION = YES;
				CLANG_WARN_INT_CONVERSION = YES;
				CLANG_WARN_NON_LITERAL_NULL_CONVERSION = YES;
				CLANG_WARN_OBJC_IMPLICIT_RETAIN_SELF = YES;
				CLANG_WARN_OBJC_LITERAL_CONVERSION = YES;
				CLANG_WARN_OBJC_ROOT_CLASS = YES_ERROR;
				CLANG_WARN_QUOTED_INCLUDE_IN_FRAMEWORK_HEADER = YES;
				CLANG_WARN_RANGE_LOOP_ANALYSIS = YES;
				CLANG_WARN_STRICT_PROTOTYPES = YES;
				CLANG_WARN_SUSPICIOUS_MOVE = YES;
				CLANG_WARN_UNGUARDED_AVAILABILITY = YES_AGGRESSIVE;
				CLANG_WARN_UNREACHABLE_CODE = YES;
				CLANG_WARN__DUPLICATE_METHOD_MATCH = YES;
				COPY_PHASE_STRIP = NO;
				DEBUG_INFORMATION_FORMAT = "dwarf-with-dsym";
				ENABLE_NS_ASSERTIONS = NO;
				ENABLE_STRICT_OBJC_MSGSEND = YES;
				ENABLE_USER_SCRIPT_SANDBOXING = YES;
				GCC_C_LANGUAGE_STANDARD = gnu17;
				GCC_NO_COMMON_BLOCKS = YES;
				GCC_WARN_64_TO_32_BIT_CONVERSION = YES;
				GCC_WARN_ABOUT_RETURN_TYPE = YES_ERROR;
				GCC_WARN_UNDECLARED_SELECTOR = YES;
				GCC_WARN_UNINITIALIZED_AUTOS = YES_AGGRESSIVE;
				GCC_WARN_UNUSED_FUNCTION = YES;
				GCC_WARN_UNUSED_VARIABLE = YES;
				IPHONEOS_DEPLOYMENT_TARGET = 17.5;
				LOCALIZATION_PREFERS_STRING_CATALOGS = YES;
				MTL_ENABLE_DEBUG_INFO = NO;
				MTL_FAST_MATH = YES;
				SDKROOT = iphoneos;
				SWIFT_COMPILATION_MODE = wholemodule;
				VALIDATE_PRODUCT = YES;
			};
			name = Release;
		};
		B820F74F2C0A0C5700125A73 /* Debug */ = {
			isa = XCBuildConfiguration;
			buildSettings = {
				ASSETCATALOG_COMPILER_APPICON_NAME = AppIcon;
				ASSETCATALOG_COMPILER_GLOBAL_ACCENT_COLOR_NAME = AccentColor;
				CODE_SIGN_STYLE = Automatic;
				CURRENT_PROJECT_VERSION = 1;
				GENERATE_INFOPLIST_FILE = YES;
				INFOPLIST_FILE = "ios-connection-test/Info.plist";
				INFOPLIST_KEY_UIApplicationSupportsIndirectInputEvents = YES;
				INFOPLIST_KEY_UILaunchStoryboardName = LaunchScreen;
				INFOPLIST_KEY_UIMainStoryboardFile = Main;
				INFOPLIST_KEY_UISupportedInterfaceOrientations = "UIInterfaceOrientationLandscapeLeft UIInterfaceOrientationLandscapeRight UIInterfaceOrientationPortrait";
				INFOPLIST_KEY_UISupportedInterfaceOrientations_iPad = "UIInterfaceOrientationLandscapeLeft UIInterfaceOrientationLandscapeRight UIInterfaceOrientationPortrait UIInterfaceOrientationPortraitUpsideDown";
				LD_RUNPATH_SEARCH_PATHS = (
					"$(inherited)",
					"@executable_path/Frameworks",
				);
				MARKETING_VERSION = 1.0;
				PRODUCT_BUNDLE_IDENTIFIER = "com.rodelg.ios-connection-test.ios-connection-test";
				PRODUCT_NAME = "$(TARGET_NAME)";
				SUPPORTED_PLATFORMS = "iphoneos iphonesimulator";
				SUPPORTS_MACCATALYST = NO;
				SUPPORTS_MAC_DESIGNED_FOR_IPHONE_IPAD = NO;
				SUPPORTS_XR_DESIGNED_FOR_IPHONE_IPAD = NO;
				SWIFT_EMIT_LOC_STRINGS = YES;
				SWIFT_VERSION = 5.0;
				TARGETED_DEVICE_FAMILY = 1;
			};
			name = Debug;
		};
		B820F7502C0A0C5700125A73 /* Release */ = {
			isa = XCBuildConfiguration;
			buildSettings = {
				ASSETCATALOG_COMPILER_APPICON_NAME = AppIcon;
				ASSETCATALOG_COMPILER_GLOBAL_ACCENT_COLOR_NAME = AccentColor;
				CODE_SIGN_STYLE = Automatic;
				CURRENT_PROJECT_VERSION = 1;
				GENERATE_INFOPLIST_FILE = YES;
				INFOPLIST_FILE = "ios-connection-test/Info.plist";
				INFOPLIST_KEY_UIApplicationSupportsIndirectInputEvents = YES;
				INFOPLIST_KEY_UILaunchStoryboardName = LaunchScreen;
				INFOPLIST_KEY_UIMainStoryboardFile = Main;
				INFOPLIST_KEY_UISupportedInterfaceOrientations = "UIInterfaceOrientationLandscapeLeft UIInterfaceOrientationLandscapeRight UIInterfaceOrientationPortrait";
				INFOPLIST_KEY_UISupportedInterfaceOrientations_iPad = "UIInterfaceOrientationLandscapeLeft UIInterfaceOrientationLandscapeRight UIInterfaceOrientationPortrait UIInterfaceOrientationPortraitUpsideDown";
				LD_RUNPATH_SEARCH_PATHS = (
					"$(inherited)",
					"@executable_path/Frameworks",
				);
				MARKETING_VERSION = 1.0;
				PRODUCT_BUNDLE_IDENTIFIER = "com.rodelg.ios-connection-test.ios-connection-test";
				PRODUCT_NAME = "$(TARGET_NAME)";
				SUPPORTED_PLATFORMS = "iphoneos iphonesimulator";
				SUPPORTS_MACCATALYST = NO;
				SUPPORTS_MAC_DESIGNED_FOR_IPHONE_IPAD = NO;
				SUPPORTS_XR_DESIGNED_FOR_IPHONE_IPAD = NO;
				SWIFT_EMIT_LOC_STRINGS = YES;
				SWIFT_VERSION = 5.0;
				TARGETED_DEVICE_FAMILY = 1;
			};
			name = Release;
		};
		B820F7522C0A0C5700125A73 /* Debug */ = {
			isa = XCBuildConfiguration;
			buildSettings = {
				ALWAYS_EMBED_SWIFT_STANDARD_LIBRARIES = YES;
				BUNDLE_LOADER = "$(TEST_HOST)";
				CODE_SIGN_STYLE = Automatic;
				CURRENT_PROJECT_VERSION = 1;
				GENERATE_INFOPLIST_FILE = YES;
				IPHONEOS_DEPLOYMENT_TARGET = 17.5;
				MARKETING_VERSION = 1.0;
				PRODUCT_BUNDLE_IDENTIFIER = "com.rodelg.ios-connection-test.ios-connection-testTests";
				PRODUCT_NAME = "$(TARGET_NAME)";
				SWIFT_EMIT_LOC_STRINGS = NO;
				SWIFT_VERSION = 5.0;
				TARGETED_DEVICE_FAMILY = "1,2";
				TEST_HOST = "$(BUILT_PRODUCTS_DIR)/ios-connection-test.app/$(BUNDLE_EXECUTABLE_FOLDER_PATH)/ios-connection-test";
			};
			name = Debug;
		};
		B820F7532C0A0C5700125A73 /* Release */ = {
			isa = XCBuildConfiguration;
			buildSettings = {
				ALWAYS_EMBED_SWIFT_STANDARD_LIBRARIES = YES;
				BUNDLE_LOADER = "$(TEST_HOST)";
				CODE_SIGN_STYLE = Automatic;
				CURRENT_PROJECT_VERSION = 1;
				GENERATE_INFOPLIST_FILE = YES;
				IPHONEOS_DEPLOYMENT_TARGET = 17.5;
				MARKETING_VERSION = 1.0;
				PRODUCT_BUNDLE_IDENTIFIER = "com.rodelg.ios-connection-test.ios-connection-testTests";
				PRODUCT_NAME = "$(TARGET_NAME)";
				SWIFT_EMIT_LOC_STRINGS = NO;
				SWIFT_VERSION = 5.0;
				TARGETED_DEVICE_FAMILY = "1,2";
				TEST_HOST = "$(BUILT_PRODUCTS_DIR)/ios-connection-test.app/$(BUNDLE_EXECUTABLE_FOLDER_PATH)/ios-connection-test";
			};
			name = Release;
		};
		B820F7552C0A0C5700125A73 /* Debug */ = {
			isa = XCBuildConfiguration;
			buildSettings = {
				ALWAYS_EMBED_SWIFT_STANDARD_LIBRARIES = YES;
				CODE_SIGN_STYLE = Automatic;
				CURRENT_PROJECT_VERSION = 1;
				GENERATE_INFOPLIST_FILE = YES;
				MARKETING_VERSION = 1.0;
				PRODUCT_BUNDLE_IDENTIFIER = "com.rodelg.ios-connection-test.ios-connection-testUITests";
				PRODUCT_NAME = "$(TARGET_NAME)";
				SWIFT_EMIT_LOC_STRINGS = NO;
				SWIFT_VERSION = 5.0;
				TARGETED_DEVICE_FAMILY = "1,2";
				TEST_TARGET_NAME = "ios-connection-test";
			};
			name = Debug;
		};
		B820F7562C0A0C5700125A73 /* Release */ = {
			isa = XCBuildConfiguration;
			buildSettings = {
				ALWAYS_EMBED_SWIFT_STANDARD_LIBRARIES = YES;
				CODE_SIGN_STYLE = Automatic;
				CURRENT_PROJECT_VERSION = 1;
				GENERATE_INFOPLIST_FILE = YES;
				MARKETING_VERSION = 1.0;
				PRODUCT_BUNDLE_IDENTIFIER = "com.rodelg.ios-connection-test.ios-connection-testUITests";
				PRODUCT_NAME = "$(TARGET_NAME)";
				SWIFT_EMIT_LOC_STRINGS = NO;
				SWIFT_VERSION = 5.0;
				TARGETED_DEVICE_FAMILY = "1,2";
				TEST_TARGET_NAME = "ios-connection-test";
			};
			name = Release;
		};
/* End XCBuildConfiguration section */

/* Begin XCConfigurationList section */
		B820F71F2C0A0C5300125A73 /* Build configuration list for PBXProject "ios-connection-test" */ = {
			isa = XCConfigurationList;
			buildConfigurations = (
				B820F74C2C0A0C5700125A73 /* Debug */,
				B820F74D2C0A0C5700125A73 /* Release */,
			);
			defaultConfigurationIsVisible = 0;
			defaultConfigurationName = Release;
		};
		B820F74E2C0A0C5700125A73 /* Build configuration list for PBXNativeTarget "ios-connection-test" */ = {
			isa = XCConfigurationList;
			buildConfigurations = (
				B820F74F2C0A0C5700125A73 /* Debug */,
				B820F7502C0A0C5700125A73 /* Release */,
			);
			defaultConfigurationIsVisible = 0;
			defaultConfigurationName = Release;
		};
		B820F7512C0A0C5700125A73 /* Build configuration list for PBXNativeTarget "ios-connection-testTests" */ = {
			isa = XCConfigurationList;
			buildConfigurations = (
				B820F7522C0A0C5700125A73 /* Debug */,
				B820F7532C0A0C5700125A73 /* Release */,
			);
			defaultConfigurationIsVisible = 0;
			defaultConfigurationName = Release;
		};
		B820F7542C0A0C5700125A73 /* Build configuration list for PBXNativeTarget "ios-connection-testUITests" */ = {
			isa = XCConfigurationList;
			buildConfigurations = (
				B820F7552C0A0C5700125A73 /* Debug */,
				B820F7562C0A0C5700125A73 /* Release */,
			);
			defaultConfigurationIsVisible = 0;
			defaultConfigurationName = Release;
		};
/* End XCConfigurationList section */
	};
	rootObject = B820F71C2C0A0C5300125A73 /* Project object */;
}
